{
  "version": 4,
  "terraform_version": "1.1.9",
  "serial": 10,
  "lineage": "40d44aab-0ae4-93d4-88f8-d94c1dd4cf4d",
  "outputs": {
    "kubernetes_cluster_host": {
      "value": "34.31.111.237",
      "type": "string"
    },
    "kubernetes_cluster_name": {
      "value": "sanmarino-382515-gke",
      "type": "string"
    },
    "project_id": {
      "value": "sanmarino-382515",
      "type": "string"
    },
    "region": {
      "value": "us-central1",
      "type": "string"
    }
  },
  "resources": [
    {
      "mode": "managed",
      "type": "google_compute_network",
      "name": "vpc",
      "provider": "provider[\"registry.terraform.io/hashicorp/google\"]",
      "instances": [
        {
          "schema_version": 0,
          "attributes": {
            "auto_create_subnetworks": false,
            "delete_default_routes_on_create": false,
            "description": "",
            "enable_ula_internal_ipv6": false,
            "gateway_ipv4": "",
            "id": "projects/sanmarino-382515/global/networks/sanmarino-382515-vpc",
            "internal_ipv6_range": "",
            "mtu": 0,
            "name": "sanmarino-382515-vpc",
            "project": "sanmarino-382515",
            "routing_mode": "REGIONAL",
            "self_link": "https://www.googleapis.com/compute/v1/projects/sanmarino-382515/global/networks/sanmarino-382515-vpc",
            "timeouts": null
          },
          "sensitive_attributes": [],
          "private": "eyJlMmJmYjczMC1lY2FhLTExZTYtOGY4OC0zNDM2M2JjN2M0YzAiOnsiY3JlYXRlIjoxMjAwMDAwMDAwMDAwLCJkZWxldGUiOjEyMDAwMDAwMDAwMDAsInVwZGF0ZSI6MTIwMDAwMDAwMDAwMH19"
        }
      ]
    },
    {
      "mode": "managed",
      "type": "google_compute_subnetwork",
      "name": "subnet",
      "provider": "provider[\"registry.terraform.io/hashicorp/google\"]",
      "instances": [
        {
          "schema_version": 0,
          "attributes": {
            "creation_timestamp": "2023-04-22T10:13:51.306-07:00",
            "description": "",
            "external_ipv6_prefix": "",
            "fingerprint": null,
            "gateway_address": "10.0.0.1",
            "id": "projects/sanmarino-382515/regions/us-central1/subnetworks/sanmarino-382515-subnet",
            "ip_cidr_range": "10.0.0.0/24",
            "ipv6_access_type": "",
            "ipv6_cidr_range": "",
            "log_config": [],
            "name": "sanmarino-382515-subnet",
            "network": "https://www.googleapis.com/compute/v1/projects/sanmarino-382515/global/networks/sanmarino-382515-vpc",
            "private_ip_google_access": false,
            "private_ipv6_google_access": "DISABLE_GOOGLE_ACCESS",
            "project": "sanmarino-382515",
            "purpose": "PRIVATE",
            "region": "us-central1",
            "role": "",
            "secondary_ip_range": [],
            "self_link": "https://www.googleapis.com/compute/v1/projects/sanmarino-382515/regions/us-central1/subnetworks/sanmarino-382515-subnet",
            "stack_type": "IPV4_ONLY",
            "timeouts": null
          },
          "sensitive_attributes": [],
          "private": "eyJlMmJmYjczMC1lY2FhLTExZTYtOGY4OC0zNDM2M2JjN2M0YzAiOnsiY3JlYXRlIjoxMjAwMDAwMDAwMDAwLCJkZWxldGUiOjEyMDAwMDAwMDAwMDAsInVwZGF0ZSI6MTIwMDAwMDAwMDAwMH19",
          "dependencies": [
            "google_compute_network.vpc"
          ]
        }
      ]
    },
    {
      "mode": "managed",
      "type": "google_container_cluster",
      "name": "primary",
      "provider": "provider[\"registry.terraform.io/hashicorp/google\"]",
      "instances": [
        {
          "schema_version": 1,
          "attributes": {
            "addons_config": [
              {
                "cloudrun_config": [],
                "gcp_filestore_csi_driver_config": [],
                "horizontal_pod_autoscaling": [],
                "http_load_balancing": [],
                "network_policy_config": [
                  {
                    "disabled": true
                  }
                ]
              }
            ],
            "authenticator_groups_config": [],
            "cluster_autoscaling": [
              {
                "auto_provisioning_defaults": [],
                "enabled": false,
                "resource_limits": []
              }
            ],
            "cluster_ipv4_cidr": "10.184.0.0/14",
            "confidential_nodes": [],
            "database_encryption": [
              {
                "key_name": "",
                "state": "DECRYPTED"
              }
            ],
            "datapath_provider": "",
            "default_max_pods_per_node": null,
            "default_snat_status": [
              {
                "disabled": false
              }
            ],
            "description": "",
            "dns_config": [],
            "enable_autopilot": false,
            "enable_binary_authorization": false,
            "enable_intranode_visibility": false,
            "enable_kubernetes_alpha": false,
            "enable_legacy_abac": false,
            "enable_shielded_nodes": true,
            "enable_tpu": false,
            "endpoint": "34.31.111.237",
            "id": "projects/sanmarino-382515/locations/us-central1/clusters/sanmarino-382515-gke",
            "initial_node_count": 1,
            "ip_allocation_policy": [],
            "label_fingerprint": "a9dc16a7",
            "location": "us-central1",
            "logging_config": [
              {
                "enable_components": [
                  "SYSTEM_COMPONENTS",
                  "WORKLOADS"
                ]
              }
            ],
            "logging_service": "logging.googleapis.com/kubernetes",
            "maintenance_policy": [],
            "master_auth": [
              {
                "client_certificate": "",
                "client_certificate_config": [
                  {
                    "issue_client_certificate": false
                  }
                ],
                "client_key": "",
                "cluster_ca_certificate": "LS0tLS1CRUdJTiBDRVJUSUZJQ0FURS0tLS0tCk1JSUVMRENDQXBTZ0F3SUJBZ0lRRHRzT2lZcnlEYkdFK0hPZ2lmck1tekFOQmdrcWhraUc5dzBCQVFzRkFEQXYKTVMwd0t3WURWUVFERXlRd01ERmhNVFpqWkMwNU56WXdMVFJsWXpNdE9HVTNNaTB6TldGaE16Wm1NamRrTW1NdwpJQmNOTWpNd05ESXlNVFl4TkRRd1doZ1BNakExTXpBME1UUXhOekUwTkRCYU1DOHhMVEFyQmdOVkJBTVRKREF3Ck1XRXhObU5rTFRrM05qQXROR1ZqTXkwNFpUY3lMVE0xWVdFek5tWXlOMlF5WXpDQ0FhSXdEUVlKS29aSWh2Y04KQVFFQkJRQURnZ0dQQURDQ0FZb0NnZ0dCQU1tWGRwMForR2xLOWZYRU15ZFRsT2x1ckI4bEJCNFlwNkM1RGtSdAp4eEdib1dPY3o4Q0RsdVZpUDN3OWNKWkozYkJsM2dISmNBZVRFTWdCSXlmbjdERW5GQ1Zqa0xsMjBEa3ovTjdaCkgrN3BmVXRuRmlGdDNxQlBqZ2R4bWtNb0ZPbTZnLy9XUzd6OTJSQ0NtSWdhWXY1Tzk4YkVPZEd6L0NmRjU3U2kKaWQxTy9YYkdSR29CZHRyaitqL2FwQ2hJNmVkblVBeXgyc3dTNUJqREFsL3FLb3ZqN2k0MCtHWXFkOSs4ck92YQpNQ1lCQW14OUJxTHBGd3Q3dEpmaGFyT2xLeWxDelZ6bW41OHJidG5RTXZpWGhPVEhqM3NweXdRbnFuYnpBdTVOClIxU1VvSFd3V29qSUR1cjZONUpzcW5ZRUZMbDJQQS9yVnF0Vlc4dWVWbEFRTzJ3MXlMMGdJeFpvN3VhMzNxOEkKc0o4bUlFWFQ3dlh5ZjZ3aWpSTlo0ekhBVFVpZEUrelM4RFJDNnFvY096M1B4bjFKRmRZK0drcDJVdk05UHhBMwpZL2x6dlIvMGt4M2JzVWp0eEpIUkNZblFvanVQZTJhSTdBNDNTMXRBSFlZMjlzcnJmTmhYYlludlVMUjAxYzFsCjlsditTQ21Ea3kzUzRmQkFuZmhYcTNCZFN3SURBUUFCbzBJd1FEQU9CZ05WSFE4QkFmOEVCQU1DQWdRd0R3WUQKVlIwVEFRSC9CQVV3QXdFQi96QWRCZ05WSFE0RUZnUVV6WUJJQmQ5Z3ZoUmxaREtTVm54SlpHRy9jWFV3RFFZSgpLb1pJaHZjTkFRRUxCUUFEZ2dHQkFDSVdTNGVoQXV3b2ZLZHdwWUk0SXZHRVc4RkwxQk1rZGVucWFCMXJ1YzJNCjUyZHFqcW9FQ2VQTHYrY0x4QkJBWU9qQjZkbGt0Z0ViNkp5alI4WTIwOXovb3BOdHllT09VY1FoRWo1bkxRWEUKZkU2RVFMMzlXQm9RWWUxQnk2cW44Sm5JUE1VZVR6VjVwUkp4R2pjclV3N05LNkZwVW50QUc4dGhJZ3J1dElEcgo4UWRCM2k1c09ERWtRSWp6U2hHRmpySXVZdzhrSjMzdmRCMnRQc1pGMUI0V2dqdktqMmxIYlhDT1ZRY1pHd1ZYCjBWOFAza2psN2c3aTMrayt4SDdZNjgyRno1VkNVb2NkSHZobWpGUG91ZU14aHhZOUZzazRPcUZOSVFHVVZweXYKRlhndEd4UGZFakwxNDVManlja2xDaHljenF4ZS9mMkd0OGdqY1hKRlEveXpaU2JPbzg3NWFJT3pycmk4MDNOSApCbGN5N3dqWjhmTk50d0V3MFd5d0psWVd1K0FLVjdUQ0lsSzJ0RTQrSDIzVjJaOGJxOHVzd1ZQMHhyNXIzL3l5CmV1SmxRTVBQS04xd3BPYlRySkpnamErMWdLWEpac09RZ0FPSk1Gc3IvYW9rVVdRMGpNTCtLOGdSUG50QmhQQlkKckRhcGszc1lpY0R5SmxLdVk2dzlHUT09Ci0tLS0tRU5EIENFUlRJRklDQVRFLS0tLS0K"
              }
            ],
            "master_authorized_networks_config": [],
            "master_version": "1.24.10-gke.2300",
            "min_master_version": null,
            "monitoring_config": [
              {
                "enable_components": [
                  "SYSTEM_COMPONENTS"
                ]
              }
            ],
            "monitoring_service": "monitoring.googleapis.com/kubernetes",
            "name": "sanmarino-382515-gke",
            "network": "projects/sanmarino-382515/global/networks/sanmarino-382515-vpc",
            "network_policy": [
              {
                "enabled": false,
                "provider": "PROVIDER_UNSPECIFIED"
              }
            ],
            "networking_mode": "ROUTES",
            "node_config": [],
            "node_locations": [
              "us-central1-a",
              "us-central1-c",
              "us-central1-f"
            ],
            "node_pool": [],
            "node_version": "1.24.10-gke.2300",
            "operation": null,
            "private_cluster_config": [
              {
                "enable_private_endpoint": false,
                "enable_private_nodes": false,
                "master_global_access_config": [
                  {
                    "enabled": false
                  }
                ],
                "master_ipv4_cidr_block": "",
                "peering_name": "",
                "private_endpoint": "10.0.0.2",
                "public_endpoint": "34.31.111.237"
              }
            ],
            "private_ipv6_google_access": "",
            "project": "sanmarino-382515",
            "release_channel": [
              {
                "channel": "REGULAR"
              }
            ],
            "remove_default_node_pool": true,
            "resource_labels": null,
            "resource_usage_export_config": [],
            "self_link": "https://container.googleapis.com/v1/projects/sanmarino-382515/locations/us-central1/clusters/sanmarino-382515-gke",
            "services_ipv4_cidr": "10.187.240.0/20",
            "subnetwork": "projects/sanmarino-382515/regions/us-central1/subnetworks/sanmarino-382515-subnet",
            "timeouts": null,
            "tpu_ipv4_cidr_block": "",
            "vertical_pod_autoscaling": [],
            "workload_identity_config": []
          },
          "sensitive_attributes": [],
          "private": "eyJlMmJmYjczMC1lY2FhLTExZTYtOGY4OC0zNDM2M2JjN2M0YzAiOnsiY3JlYXRlIjoyNDAwMDAwMDAwMDAwLCJkZWxldGUiOjI0MDAwMDAwMDAwMDAsInJlYWQiOjI0MDAwMDAwMDAwMDAsInVwZGF0ZSI6MzYwMDAwMDAwMDAwMH0sInNjaGVtYV92ZXJzaW9uIjoiMSJ9",
          "dependencies": [
            "google_compute_network.vpc",
            "google_compute_subnetwork.subnet"
          ]
        }
      ]
    },
    {
      "mode": "managed",
      "type": "google_container_node_pool",
      "name": "primary_nodes",
      "provider": "provider[\"registry.terraform.io/hashicorp/google\"]",
      "instances": [
        {
          "status": "tainted",
          "schema_version": 1,
          "attributes": {
            "autoscaling": [],
            "cluster": "sanmarino-382515-gke",
            "id": "projects/sanmarino-382515/locations/us-central1/clusters/sanmarino-382515-gke/nodePools/sanmarino-382515-gke",
            "initial_node_count": null,
            "instance_group_urls": null,
            "location": "us-central1",
            "managed_instance_group_urls": null,
            "management": null,
            "max_pods_per_node": null,
            "name": "sanmarino-382515-gke",
            "name_prefix": null,
            "node_config": [
              {
                "boot_disk_kms_key": "",
                "disk_size_gb": 0,
                "disk_type": "",
                "gcfs_config": [],
                "guest_accelerator": [],
                "gvnic": [],
                "image_type": "",
                "labels": {
                  "env": "sanmarino-382515"
                },
                "local_ssd_count": 0,
                "machine_type": "n1-standard-1",
                "metadata": {
                  "disable-legacy-endpoints": "true"
                },
                "min_cpu_platform": "",
                "node_group": "",
                "oauth_scopes": [
                  "https://www.googleapis.com/auth/logging.write",
                  "https://www.googleapis.com/auth/monitoring"
                ],
                "preemptible": false,
                "service_account": "",
                "shielded_instance_config": [],
                "spot": false,
                "tags": [
                  "gke-node",
                  "sanmarino-382515-gke"
                ],
                "taint": [],
                "workload_metadata_config": []
              }
            ],
            "node_count": 2,
            "node_locations": [],
            "operation": null,
            "project": "sanmarino-382515",
            "timeouts": null,
            "upgrade_settings": null,
            "version": null
          },
          "sensitive_attributes": [],
          "private": "eyJlMmJmYjczMC1lY2FhLTExZTYtOGY4OC0zNDM2M2JjN2M0YzAiOnsiY3JlYXRlIjoxODAwMDAwMDAwMDAwLCJkZWxldGUiOjE4MDAwMDAwMDAwMDAsInVwZGF0ZSI6MTgwMDAwMDAwMDAwMH0sInNjaGVtYV92ZXJzaW9uIjoiMSJ9",
          "dependencies": [
            "google_compute_network.vpc",
            "google_compute_subnetwork.subnet",
            "google_container_cluster.primary"
          ]
        }
      ]
    }
  ]
}
