{
  "version": 4,
  "terraform_version": "1.1.9",
  "serial": 15,
  "lineage": "40d44aab-0ae4-93d4-88f8-d94c1dd4cf4d",
  "outputs": {
    "kubernetes_cluster_host": {
      "value": "34.133.210.151",
      "type": "string"
    },
    "kubernetes_cluster_name": {
      "value": "sanmarino-382515-gke",
      "type": "string"
    },
    "project_id": {
      "value": "sanmarino-382515",
      "type": "string"
    },
    "region": {
      "value": "us-central1",
      "type": "string"
    }
  },
  "resources": [
    {
      "mode": "managed",
      "type": "google_compute_network",
      "name": "vpc",
      "provider": "provider[\"registry.terraform.io/hashicorp/google\"]",
      "instances": [
        {
          "schema_version": 0,
          "attributes": {
            "auto_create_subnetworks": false,
            "delete_default_routes_on_create": false,
            "description": "",
            "enable_ula_internal_ipv6": false,
            "gateway_ipv4": "",
            "id": "projects/sanmarino-382515/global/networks/sanmarino-382515-vpc",
            "internal_ipv6_range": "",
            "mtu": 0,
            "name": "sanmarino-382515-vpc",
            "project": "sanmarino-382515",
            "routing_mode": "REGIONAL",
            "self_link": "https://www.googleapis.com/compute/v1/projects/sanmarino-382515/global/networks/sanmarino-382515-vpc",
            "timeouts": null
          },
          "sensitive_attributes": [],
          "private": "eyJlMmJmYjczMC1lY2FhLTExZTYtOGY4OC0zNDM2M2JjN2M0YzAiOnsiY3JlYXRlIjoxMjAwMDAwMDAwMDAwLCJkZWxldGUiOjEyMDAwMDAwMDAwMDAsInVwZGF0ZSI6MTIwMDAwMDAwMDAwMH19"
        }
      ]
    },
    {
      "mode": "managed",
      "type": "google_compute_subnetwork",
      "name": "subnet",
      "provider": "provider[\"registry.terraform.io/hashicorp/google\"]",
      "instances": [
        {
          "schema_version": 0,
          "attributes": {
            "creation_timestamp": "2023-04-22T10:13:51.306-07:00",
            "description": "",
            "external_ipv6_prefix": "",
            "fingerprint": null,
            "gateway_address": "10.0.0.1",
            "id": "projects/sanmarino-382515/regions/us-central1/subnetworks/sanmarino-382515-subnet",
            "ip_cidr_range": "10.0.0.0/24",
            "ipv6_access_type": "",
            "ipv6_cidr_range": "",
            "log_config": [],
            "name": "sanmarino-382515-subnet",
            "network": "https://www.googleapis.com/compute/v1/projects/sanmarino-382515/global/networks/sanmarino-382515-vpc",
            "private_ip_google_access": false,
            "private_ipv6_google_access": "DISABLE_GOOGLE_ACCESS",
            "project": "sanmarino-382515",
            "purpose": "PRIVATE",
            "region": "us-central1",
            "role": "",
            "secondary_ip_range": [],
            "self_link": "https://www.googleapis.com/compute/v1/projects/sanmarino-382515/regions/us-central1/subnetworks/sanmarino-382515-subnet",
            "stack_type": "IPV4_ONLY",
            "timeouts": null
          },
          "sensitive_attributes": [],
          "private": "eyJlMmJmYjczMC1lY2FhLTExZTYtOGY4OC0zNDM2M2JjN2M0YzAiOnsiY3JlYXRlIjoxMjAwMDAwMDAwMDAwLCJkZWxldGUiOjEyMDAwMDAwMDAwMDAsInVwZGF0ZSI6MTIwMDAwMDAwMDAwMH19",
          "dependencies": [
            "google_compute_network.vpc"
          ]
        }
      ]
    },
    {
      "mode": "managed",
      "type": "google_container_cluster",
      "name": "primary",
      "provider": "provider[\"registry.terraform.io/hashicorp/google\"]",
      "instances": [
        {
          "schema_version": 1,
          "attributes": {
            "addons_config": [
              {
                "cloudrun_config": [],
                "gcp_filestore_csi_driver_config": [],
                "horizontal_pod_autoscaling": [],
                "http_load_balancing": [],
                "network_policy_config": [
                  {
                    "disabled": true
                  }
                ]
              }
            ],
            "authenticator_groups_config": [],
            "cluster_autoscaling": [
              {
                "auto_provisioning_defaults": [],
                "enabled": false,
                "resource_limits": []
              }
            ],
            "cluster_ipv4_cidr": "10.20.0.0/14",
            "confidential_nodes": [],
            "database_encryption": [
              {
                "key_name": "",
                "state": "DECRYPTED"
              }
            ],
            "datapath_provider": "",
            "default_max_pods_per_node": null,
            "default_snat_status": [
              {
                "disabled": false
              }
            ],
            "description": "",
            "dns_config": [],
            "enable_autopilot": false,
            "enable_binary_authorization": false,
            "enable_intranode_visibility": false,
            "enable_kubernetes_alpha": false,
            "enable_legacy_abac": false,
            "enable_shielded_nodes": true,
            "enable_tpu": false,
            "endpoint": "34.133.210.151",
            "id": "projects/sanmarino-382515/locations/us-central1-f/clusters/sanmarino-382515-gke",
            "initial_node_count": 1,
            "ip_allocation_policy": [],
            "label_fingerprint": "a9dc16a7",
            "location": "us-central1-f",
            "logging_config": [
              {
                "enable_components": [
                  "SYSTEM_COMPONENTS",
                  "WORKLOADS"
                ]
              }
            ],
            "logging_service": "logging.googleapis.com/kubernetes",
            "maintenance_policy": [],
            "master_auth": [
              {
                "client_certificate": "",
                "client_certificate_config": [
                  {
                    "issue_client_certificate": false
                  }
                ],
                "client_key": "",
                "cluster_ca_certificate": "LS0tLS1CRUdJTiBDRVJUSUZJQ0FURS0tLS0tCk1JSUVMVENDQXBXZ0F3SUJBZ0lSQUlBTHMwdmhSMEZEcWxLaE90cE54ZzB3RFFZSktvWklodmNOQVFFTEJRQXcKTHpFdE1Dc0dBMVVFQXhNa05tRTFaRGt3TWpjdFpUZzJaUzAwWldObUxXRTJNR1l0TUdZMU1ETTFNVEJqTkRnegpNQ0FYRFRJek1EUXlNakUyTWpjek9Gb1lEekl3TlRNd05ERTBNVGN5TnpNNFdqQXZNUzB3S3dZRFZRUURFeVEyCllUVmtPVEF5TnkxbE9EWmxMVFJsWTJZdFlUWXdaaTB3WmpVd016VXhNR00wT0RNd2dnR2lNQTBHQ1NxR1NJYjMKRFFFQkFRVUFBNElCandBd2dnR0tBb0lCZ1FDM0E0VExVVGMrREV3OFVXZks2a1o5Y1RCem5vZXVKa25vS3VhNApRai8yWUNJSVBmR0hKaGMrVFNtb2xwcDJPelg3K0lrOWpnUERJSHNReWpYUStadmxiN2Vic0t2ZGVpRHZDTW9lCktOVVc1UjVtcW1RSXVvYUIyUVl3UzBxMlpWYk1ESmZHSVVIcEJaemhqQjRhZkcyenpSK29ubUQwdGVNVlhsZ2QKQU1Fdk1hRnlHUmVxdEh4WEhkOHd3UUFva0duczVVZ3YrTDQ1WHkvL2ZqQmpVeC9hV2I5TzNUS05KZ2ZBZ0QrRQpnZXlwVnVVREt1WkN3OEZYVU1nMnZsZkN0U0NubkpVc3JJdHY0ZzFoaEF1V1Ird3BSNnB5cVo0MkdMd0RIbFR5ClZJV1VlbzBHN0FSSXVmWlZLa3JsSGgyRHp1N1JCZFBvTVAwSTN4SHdkcU00NUV0QzFrRE9ZTTNib3dwYlJYbE0KNStFZ0g0d2pnSmV5N0gxWVFzMkFpdzRWQ1NuZ2diNllGdWEzUG1wcTZsWlZKamU0SURCV1VSZnVpWWlDcWYvTgpjZWJsd2QrMmNmd2twR3A0eXBIUnhFZzV5YyszVmpaZFdMeTJsOGhkaTVIb1ArZ3B0V3hWcXk2eVVZV0ZMQ1hOClFiT0lNdlM3NHYrT0pLd2V6U2lQZEU5STJ5c0NBd0VBQWFOQ01FQXdEZ1lEVlIwUEFRSC9CQVFEQWdJRU1BOEcKQTFVZEV3RUIvd1FGTUFNQkFmOHdIUVlEVlIwT0JCWUVGRENCMFFzN0lIQTF3Z0dWSWl3WkJqRThyYU04TUEwRwpDU3FHU0liM0RRRUJDd1VBQTRJQmdRQkRFQUVtWWY5UVZuTlpIU0tRTFZLcTJpcE93UEJVZHk2ME50Nm9zaGVWCnRjR1djOHZLeWRvRXB6cFJCNm9VcjV1Sm9ieGl4T0dmNk4yY3JMRWtFNUhmN2N1bTNzbzdEQUh1dW9ESHVYQlQKVGpWNForUmdGODlVTUFPL1VoRlp4Q0NUcUpDRXlsZ1BJT1hwd2RpUHJucHJSdTVjWTMzcENVeWpRUFk0NTRVQgozYWZBK2pwamN5SlNNeGNOWGN3SUFpeUxPQVZCcktXcUhINnBNRy9yalZYYmd1Vkw0bjRBMXpEUjdZWlpiOUpCCmFVU0ZkWkJWZVBmWTFsZEZQdXcvVzV6TVY2ZTJSK1A4Z2RGM2lHWFNzSDJkUzA2OTczK1dVNEUxNzVaaFFrRXMKRnNOemhrTHdWbVF3c0hjMzVua0c1SS90anNLMFNCSFlreUR3RG5RejdvTHhyRmZBK1VGNFdUb0VyWXVtdTFUTQpLSFZSdng1OTBpN0xHZDJrT2FZUHBjSVFTamthbzNOanpGSDhrQnBodU1nTy94QWZJTWE3aXlObnd1azR6WFhvClZ3amNnTzRuZUk2RE50c2NrR1JKNlNvbjJPdWd3RFJ0MnY3akYySzBLNGhIWjhkYkNHd1kwSG9TTklwRHNndUMKVjZ5RXpLdFJKQXZ4RFZqMUdQS2ZiVlU9Ci0tLS0tRU5EIENFUlRJRklDQVRFLS0tLS0K"
              }
            ],
            "master_authorized_networks_config": [],
            "master_version": "1.24.10-gke.2300",
            "min_master_version": null,
            "monitoring_config": [
              {
                "enable_components": [
                  "SYSTEM_COMPONENTS"
                ]
              }
            ],
            "monitoring_service": "monitoring.googleapis.com/kubernetes",
            "name": "sanmarino-382515-gke",
            "network": "projects/sanmarino-382515/global/networks/sanmarino-382515-vpc",
            "network_policy": [
              {
                "enabled": false,
                "provider": "PROVIDER_UNSPECIFIED"
              }
            ],
            "networking_mode": "ROUTES",
            "node_config": [],
            "node_locations": [],
            "node_pool": [],
            "node_version": "1.24.10-gke.2300",
            "operation": null,
            "private_cluster_config": [
              {
                "enable_private_endpoint": false,
                "enable_private_nodes": false,
                "master_global_access_config": [
                  {
                    "enabled": false
                  }
                ],
                "master_ipv4_cidr_block": "",
                "peering_name": "",
                "private_endpoint": "10.0.0.6",
                "public_endpoint": "34.133.210.151"
              }
            ],
            "private_ipv6_google_access": "",
            "project": "sanmarino-382515",
            "release_channel": [
              {
                "channel": "REGULAR"
              }
            ],
            "remove_default_node_pool": true,
            "resource_labels": null,
            "resource_usage_export_config": [],
            "self_link": "https://container.googleapis.com/v1/projects/sanmarino-382515/zones/us-central1-f/clusters/sanmarino-382515-gke",
            "services_ipv4_cidr": "10.23.240.0/20",
            "subnetwork": "projects/sanmarino-382515/regions/us-central1/subnetworks/sanmarino-382515-subnet",
            "timeouts": null,
            "tpu_ipv4_cidr_block": "",
            "vertical_pod_autoscaling": [],
            "workload_identity_config": []
          },
          "sensitive_attributes": [],
          "private": "eyJlMmJmYjczMC1lY2FhLTExZTYtOGY4OC0zNDM2M2JjN2M0YzAiOnsiY3JlYXRlIjoyNDAwMDAwMDAwMDAwLCJkZWxldGUiOjI0MDAwMDAwMDAwMDAsInJlYWQiOjI0MDAwMDAwMDAwMDAsInVwZGF0ZSI6MzYwMDAwMDAwMDAwMH0sInNjaGVtYV92ZXJzaW9uIjoiMSJ9",
          "dependencies": [
            "google_compute_network.vpc",
            "google_compute_subnetwork.subnet"
          ]
        }
      ]
    },
    {
      "mode": "managed",
      "type": "google_container_node_pool",
      "name": "primary_nodes",
      "provider": "provider[\"registry.terraform.io/hashicorp/google\"]",
      "instances": [
        {
          "schema_version": 1,
          "attributes": {
            "autoscaling": [],
            "cluster": "sanmarino-382515-gke",
            "id": "projects/sanmarino-382515/locations/us-central1-f/clusters/sanmarino-382515-gke/nodePools/sanmarino-382515-gke",
            "initial_node_count": 2,
            "instance_group_urls": [
              "https://www.googleapis.com/compute/v1/projects/sanmarino-382515/zones/us-central1-f/instanceGroupManagers/gke-sanmarino-382515-sanmarino-382515-e47f1bb7-grp"
            ],
            "location": "us-central1-f",
            "managed_instance_group_urls": [
              "https://www.googleapis.com/compute/v1/projects/sanmarino-382515/zones/us-central1-f/instanceGroups/gke-sanmarino-382515-sanmarino-382515-e47f1bb7-grp"
            ],
            "management": [
              {
                "auto_repair": true,
                "auto_upgrade": true
              }
            ],
            "max_pods_per_node": null,
            "name": "sanmarino-382515-gke",
            "name_prefix": "",
            "node_config": [
              {
                "boot_disk_kms_key": "",
                "disk_size_gb": 100,
                "disk_type": "pd-balanced",
                "gcfs_config": [],
                "guest_accelerator": [],
                "gvnic": [],
                "image_type": "COS_CONTAINERD",
                "labels": {
                  "env": "sanmarino-382515"
                },
                "local_ssd_count": 0,
                "machine_type": "n1-standard-1",
                "metadata": {
                  "disable-legacy-endpoints": "true"
                },
                "min_cpu_platform": "",
                "node_group": "",
                "oauth_scopes": [
                  "https://www.googleapis.com/auth/logging.write",
                  "https://www.googleapis.com/auth/monitoring"
                ],
                "preemptible": false,
                "service_account": "default",
                "shielded_instance_config": [
                  {
                    "enable_integrity_monitoring": true,
                    "enable_secure_boot": false
                  }
                ],
                "spot": false,
                "tags": [
                  "gke-node",
                  "sanmarino-382515-gke"
                ],
                "taint": [],
                "workload_metadata_config": []
              }
            ],
            "node_count": 2,
            "node_locations": [
              "us-central1-f"
            ],
            "operation": null,
            "project": "sanmarino-382515",
            "timeouts": null,
            "upgrade_settings": [
              {
                "max_surge": 1,
                "max_unavailable": 0
              }
            ],
            "version": "1.24.10-gke.2300"
          },
          "sensitive_attributes": [],
          "private": "eyJlMmJmYjczMC1lY2FhLTExZTYtOGY4OC0zNDM2M2JjN2M0YzAiOnsiY3JlYXRlIjoxODAwMDAwMDAwMDAwLCJkZWxldGUiOjE4MDAwMDAwMDAwMDAsInVwZGF0ZSI6MTgwMDAwMDAwMDAwMH0sInNjaGVtYV92ZXJzaW9uIjoiMSJ9",
          "dependencies": [
            "google_compute_network.vpc",
            "google_compute_subnetwork.subnet",
            "google_container_cluster.primary"
          ]
        }
      ]
    }
  ]
}
